// !$*UTF8*$!
{
	archiveVersion = 1;
	classes = {
	};
	objectVersion = 50;
	objects = {

/* Begin PBXBuildFile section */
		56B920BA250DD97300793174 /* AppDelegate.swift in Sources */ = {isa = PBXBuildFile; fileRef = 56B920B9250DD97300793174 /* AppDelegate.swift */; };
		56B920BC250DD97300793174 /* SceneDelegate.swift in Sources */ = {isa = PBXBuildFile; fileRef = 56B920BB250DD97300793174 /* SceneDelegate.swift */; };
		56B920BE250DD97300793174 /* ViewController.swift in Sources */ = {isa = PBXBuildFile; fileRef = 56B920BD250DD97300793174 /* ViewController.swift */; };
		56B920C3250DD97600793174 /* Assets.xcassets in Resources */ = {isa = PBXBuildFile; fileRef = 56B920C2250DD97600793174 /* Assets.xcassets */; };
		56B920C6250DD97600793174 /* LaunchScreen.storyboard in Resources */ = {isa = PBXBuildFile; fileRef = 56B920C4250DD97600793174 /* LaunchScreen.storyboard */; };
		56B920D0250DDAAF00793174 /* Main.storyboard in Resources */ = {isa = PBXBuildFile; fileRef = 56B920CE250DDAAF00793174 /* Main.storyboard */; };
		56B920D3250DDABC00793174 /* MAVC.swift in Sources */ = {isa = PBXBuildFile; fileRef = 56B920D1250DDABC00793174 /* MAVC.swift */; };
		56B920D4250DDABC00793174 /* MA.storyboard in Resources */ = {isa = PBXBuildFile; fileRef = 56B920D2250DDABC00793174 /* MA.storyboard */; };
/* End PBXBuildFile section */

/* Begin PBXFileReference section */
		56B920B6250DD97300793174 /* ContainerPOC.app */ = {isa = PBXFileReference; explicitFileType = wrapper.application; includeInIndex = 0; path = ContainerPOC.app; sourceTree = BUILT_PRODUCTS_DIR; };
		56B920B9250DD97300793174 /* AppDelegate.swift */ = {isa = PBXFileReference; lastKnownFileType = sourcecode.swift; path = AppDelegate.swift; sourceTree = "<group>"; };
		56B920BB250DD97300793174 /* SceneDelegate.swift */ = {isa = PBXFileReference; lastKnownFileType = sourcecode.swift; path = SceneDelegate.swift; sourceTree = "<group>"; };
		56B920BD250DD97300793174 /* ViewController.swift */ = {isa = PBXFileReference; lastKnownFileType = sourcecode.swift; path = ViewController.swift; sourceTree = "<group>"; };
		56B920C2250DD97600793174 /* Assets.xcassets */ = {isa = PBXFileReference; lastKnownFileType = folder.assetcatalog; path = Assets.xcassets; sourceTree = "<group>"; };
		56B920C5250DD97600793174 /* Base */ = {isa = PBXFileReference; lastKnownFileType = file.storyboard; name = Base; path = Base.lproj/LaunchScreen.storyboard; sourceTree = "<group>"; };
		56B920C7250DD97600793174 /* Info.plist */ = {isa = PBXFileReference; lastKnownFileType = text.plist.xml; path = Info.plist; sourceTree = "<group>"; };
		56B920CF250DDAAF00793174 /* Base */ = {isa = PBXFileReference; lastKnownFileType = file.storyboard; name = Base; path = Base.lproj/Main.storyboard; sourceTree = "<group>"; };
		56B920D1250DDABC00793174 /* MAVC.swift */ = {isa = PBXFileReference; fileEncoding = 4; lastKnownFileType = sourcecode.swift; path = MAVC.swift; sourceTree = "<group>"; };
		56B920D2250DDABC00793174 /* MA.storyboard */ = {isa = PBXFileReference; fileEncoding = 4; lastKnownFileType = file.storyboard; path = MA.storyboard; sourceTree = "<group>"; };
/* End PBXFileReference section */

/* Begin PBXFrameworksBuildPhase section */
		56B920B3250DD97300793174 /* Frameworks */ = {
			isa = PBXFrameworksBuildPhase;
			buildActionMask = 2147483647;
			files = (
			);
			runOnlyForDeploymentPostprocessing = 0;
		};
/* End PBXFrameworksBuildPhase section */

/* Begin PBXGroup section */
		56B920AD250DD97300793174 = {
			isa = PBXGroup;
			children = (
				56B920CD250DDA0400793174 /* MA */,
				56B920B8250DD97300793174 /* ContainerPOC */,
				56B920B7250DD97300793174 /* Products */,
			);
			sourceTree = "<group>";
		};
		56B920B7250DD97300793174 /* Products */ = {
			isa = PBXGroup;
			children = (
				56B920B6250DD97300793174 /* ContainerPOC.app */,
			);
			name = Products;
			sourceTree = "<group>";
		};
		56B920B8250DD97300793174 /* ContainerPOC */ = {
			isa = PBXGroup;
			children = (
				56B920CE250DDAAF00793174 /* Main.storyboard */,
				56B920B9250DD97300793174 /* AppDelegate.swift */,
				56B920BB250DD97300793174 /* SceneDelegate.swift */,
				56B920BD250DD97300793174 /* ViewController.swift */,
				56B920C2250DD97600793174 /* Assets.xcassets */,
				56B920C4250DD97600793174 /* LaunchScreen.storyboard */,
				56B920C7250DD97600793174 /* Info.plist */,
			);
			path = ContainerPOC;
			sourceTree = "<group>";
		};
		56B920CD250DDA0400793174 /* MA */ = {
			isa = PBXGroup;
			children = (
				56B920D2250DDABC00793174 /* MA.storyboard */,
				56B920D1250DDABC00793174 /* MAVC.swift */,
			);
			path = MA;
			sourceTree = "<group>";
		};
/* End PBXGroup section */

/* Begin PBXNativeTarget section */
		56B920B5250DD97300793174 /* ContainerPOC */ = {
			isa = PBXNativeTarget;
			buildConfigurationList = 56B920CA250DD97600793174 /* Build configuration list for PBXNativeTarget "ContainerPOC" */;
			buildPhases = (
				56B920B2250DD97300793174 /* Sources */,
				56B920B3250DD97300793174 /* Frameworks */,
				56B920B4250DD97300793174 /* Resources */,
			);
			buildRules = (
			);
			dependencies = (
			);
			name = ContainerPOC;
			productName = ContainerPOC;
			productReference = 56B920B6250DD97300793174 /* ContainerPOC.app */;
			productType = "com.apple.product-type.application";
		};
/* End PBXNativeTarget section */

/* Begin PBXProject section */
		56B920AE250DD97300793174 /* Project object */ = {
			isa = PBXProject;
			attributes = {
				LastSwiftUpdateCheck = 1170;
				LastUpgradeCheck = 1170;
				ORGANIZATIONNAME = "MobileSandbox LLC";
				TargetAttributes = {
					56B920B5250DD97300793174 = {
						CreatedOnToolsVersion = 11.7;
					};
				};
			};
			buildConfigurationList = 56B920B1250DD97300793174 /* Build configuration list for PBXProject "ContainerPOC" */;
			compatibilityVersion = "Xcode 9.3";
			developmentRegion = en;
			hasScannedForEncodings = 0;
			knownRegions = (
				en,
				Base,
			);
			mainGroup = 56B920AD250DD97300793174;
			productRefGroup = 56B920B7250DD97300793174 /* Products */;
			projectDirPath = "";
			projectRoot = "";
			targets = (
				56B920B5250DD97300793174 /* ContainerPOC */,
			);
		};
/* End PBXProject section */

/* Begin PBXResourcesBuildPhase section */
		56B920B4250DD97300793174 /* Resources */ = {
			isa = PBXResourcesBuildPhase;
			buildActionMask = 2147483647;
			files = (
				56B920D0250DDAAF00793174 /* Main.storyboard in Resources */,
				56B920C6250DD97600793174 /* LaunchScreen.storyboard in Resources */,
				56B920D4250DDABC00793174 /* MA.storyboard in Resources */,
				56B920C3250DD97600793174 /* Assets.xcassets in Resources */,
			);
			runOnlyForDeploymentPostprocessing = 0;
		};
/* End PBXResourcesBuildPhase section */

/* Begin PBXSourcesBuildPhase section */
		56B920B2250DD97300793174 /* Sources */ = {
			isa = PBXSourcesBuildPhase;
			buildActionMask = 2147483647;
			files = (
				56B920D3250DDABC00793174 /* MAVC.swift in Sources */,
				56B920BE250DD97300793174 /* ViewController.swift in Sources */,
				56B920BA250DD97300793174 /* AppDelegate.swift in Sources */,
				56B920BC250DD97300793174 /* SceneDelegate.swift in Sources */,
			);
			runOnlyForDeploymentPostprocessing = 0;
		};
/* End PBXSourcesBuildPhase section */

/* Begin PBXVariantGroup section */
		56B920C4250DD97600793174 /* LaunchScreen.storyboard */ = {
			isa = PBXVariantGroup;
			children = (
				56B920C5250DD97600793174 /* Base */,
			);
			name = LaunchScreen.storyboard;
			sourceTree = "<group>";
		};
		56B920CE250DDAAF00793174 /* Main.storyboard */ = {
			isa = PBXVariantGroup;
			children = (
				56B920CF250DDAAF00793174 /* Base */,
			);
			name = Main.storyboard;
			sourceTree = "<group>";
		};
/* End PBXVariantGroup section */

/* Begin XCBuildConfiguration section */
		56B920C8250DD97600793174 /* Debug */ = {
			isa = XCBuildConfiguration;
			buildSettings = {
				ALWAYS_SEARCH_USER_PATHS = NO;
				CLANG_ANALYZER_NONNULL = YES;
				CLANG_ANALYZER_NUMBER_OBJECT_CONVERSION = YES_AGGRESSIVE;
				CLANG_CXX_LANGUAGE_STANDARD = "gnu++14";
				CLANG_CXX_LIBRARY = "libc++";
				CLANG_ENABLE_MODULES = YES;
				CLANG_ENABLE_OBJC_ARC = YES;
				CLANG_ENABLE_OBJC_WEAK = YES;
				CLANG_WARN_BLOCK_CAPTURE_AUTORELEASING = YES;
				CLANG_WARN_BOOL_CONVERSION = YES;
				CLANG_WARN_COMMA = YES;
				CLANG_WARN_CONSTANT_CONVERSION = YES;
				CLANG_WARN_DEPRECATED_OBJC_IMPLEMENTATIONS = YES;
				CLANG_WARN_DIRECT_OBJC_ISA_USAGE = YES_ERROR;
				CLANG_WARN_DOCUMENTATION_COMMENTS = YES;
				CLANG_WARN_EMPTY_BODY = YES;
				CLANG_WARN_ENUM_CONVERSION = YES;
				CLANG_WARN_INFINITE_RECURSION = YES;
				CLANG_WARN_INT_CONVERSION = YES;
				CLANG_WARN_NON_LITERAL_NULL_CONVERSION = YES;
				CLANG_WARN_OBJC_IMPLICIT_RETAIN_SELF = YES;
				CLANG_WARN_OBJC_LITERAL_CONVERSION = YES;
				CLANG_WARN_OBJC_ROOT_CLASS = YES_ERROR;
				CLANG_WARN_RANGE_LOOP_ANALYSIS = YES;
				CLANG_WARN_STRICT_PROTOTYPES = YES;
				CLANG_WARN_SUSPICIOUS_MOVE = YES;
				CLANG_WARN_UNGUARDED_AVAILABILITY = YES_AGGRESSIVE;
				CLANG_WARN_UNREACHABLE_CODE = YES;
				CLANG_WARN__DUPLICATE_METHOD_MATCH = YES;
				COPY_PHASE_STRIP = NO;
				DEBUG_INFORMATION_FORMAT = dwarf;
				ENABLE_STRICT_OBJC_MSGSEND = YES;
				ENABLE_TESTABILITY = YES;
				GCC_C_LANGUAGE_STANDARD = gnu11;
				GCC_DYNAMIC_NO_PIC = NO;
				GCC_NO_COMMON_BLOCKS = YES;
				GCC_OPTIMIZATION_LEVEL = 0;
				GCC_PREPROCESSOR_DEFINITIONS = (
					"DEBUG=1",
					"$(inherited)",
				);
				GCC_WARN_64_TO_32_BIT_CONVERSION = YES;
				GCC_WARN_ABOUT_RETURN_TYPE = YES_ERROR;
				GCC_WARN_UNDECLARED_SELECTOR = YES;
				GCC_WARN_UNINITIALIZED_AUTOS = YES_AGGRESSIVE;
				GCC_WARN_UNUSED_FUNCTION = YES;
				GCC_WARN_UNUSED_VARIABLE = YES;
				IPHONEOS_DEPLOYMENT_TARGET = 13.7;
				MTL_ENABLE_DEBUG_INFO = INCLUDE_SOURCE;
				MTL_FAST_MATH = YES;
				ONLY_ACTIVE_ARCH = YES;
				SDKROOT = iphoneos;
				SWIFT_ACTIVE_COMPILATION_CONDITIONS = DEBUG;
				SWIFT_OPTIMIZATION_LEVEL = "-Onone";
			};
			name = Debug;
		};
		56B920C9250DD97600793174 /* Release */ = {
			isa = XCBuildConfiguration;
			buildSettings = {
				ALWAYS_SEARCH_USER_PATHS = NO;
				CLANG_ANALYZER_NONNULL = YES;
				CLANG_ANALYZER_NUMBER_OBJECT_CONVERSION = YES_AGGRESSIVE;
				CLANG_CXX_LANGUAGE_STANDARD = "gnu++14";
				CLANG_CXX_LIBRARY = "libc++";
				CLANG_ENABLE_MODULES = YES;
				CLANG_ENABLE_OBJC_ARC = YES;
				CLANG_ENABLE_OBJC_WEAK = YES;
				CLANG_WARN_BLOCK_CAPTURE_AUTORELEASING = YES;
				CLANG_WARN_BOOL_CONVERSION = YES;
				CLANG_WARN_COMMA = YES;
				CLANG_WARN_CONSTANT_CONVERSION = YES;
				CLANG_WARN_DEPRECATED_OBJC_IMPLEMENTATIONS = YES;
				CLANG_WARN_DIRECT_OBJC_ISA_USAGE = YES_ERROR;
				CLANG_WARN_DOCUMENTATION_COMMENTS = YES;
				CLANG_WARN_EMPTY_BODY = YES;
				CLANG_WARN_ENUM_CONVERSION = YES;
				CLANG_WARN_INFINITE_RECURSION = YES;
				CLANG_WARN_INT_CONVERSION = YES;
				CLANG_WARN_NON_LITERAL_NULL_CONVERSION = YES;
				CLANG_WARN_OBJC_IMPLICIT_RETAIN_SELF = YES;
				CLANG_WARN_OBJC_LITERAL_CONVERSION = YES;
				CLANG_WARN_OBJC_ROOT_CLASS = YES_ERROR;
				CLANG_WARN_RANGE_LOOP_ANALYSIS = YES;
				CLANG_WARN_STRICT_PROTOTYPES = YES;
				CLANG_WARN_SUSPICIOUS_MOVE = YES;
				CLANG_WARN_UNGUARDED_AVAILABILITY = YES_AGGRESSIVE;
				CLANG_WARN_UNREACHABLE_CODE = YES;
				CLANG_WARN__DUPLICATE_METHOD_MATCH = YES;
				COPY_PHASE_STRIP = NO;
				DEBUG_INFORMATION_FORMAT = "dwarf-with-dsym";
				ENABLE_NS_ASSERTIONS = NO;
				ENABLE_STRICT_OBJC_MSGSEND = YES;
				GCC_C_LANGUAGE_STANDARD = gnu11;
				GCC_NO_COMMON_BLOCKS = YES;
				GCC_WARN_64_TO_32_BIT_CONVERSION = YES;
				GCC_WARN_ABOUT_RETURN_TYPE = YES_ERROR;
				GCC_WARN_UNDECLARED_SELECTOR = YES;
				GCC_WARN_UNINITIALIZED_AUTOS = YES_AGGRESSIVE;
				GCC_WARN_UNUSED_FUNCTION = YES;
				GCC_WARN_UNUSED_VARIABLE = YES;
				IPHONEOS_DEPLOYMENT_TARGET = 13.7;
				MTL_ENABLE_DEBUG_INFO = NO;
				MTL_FAST_MATH = YES;
				SDKROOT = iphoneos;
				SWIFT_COMPILATION_MODE = wholemodule;
				SWIFT_OPTIMIZATION_LEVEL = "-O";
				VALIDATE_PRODUCT = YES;
			};
			name = Release;
		};
		56B920CB250DD97600793174 /* Debug */ = {
			isa = XCBuildConfiguration;
			buildSettings = {
				ASSETCATALOG_COMPILER_APPICON_NAME = AppIcon;
				CODE_SIGN_STYLE = Automatic;
				DEVELOPMENT_TEAM = 2S838S8HUW;
				INFOPLIST_FILE = ContainerPOC/Info.plist;
				LD_RUNPATH_SEARCH_PATHS = (
					"$(inherited)",
					"@executable_path/Frameworks",
				);
				PRODUCT_BUNDLE_IDENTIFIER = com.mobilesandbox.ContainerPOC;
				PRODUCT_NAME = "$(TARGET_NAME)";
				SWIFT_VERSION = 5.0;
				TARGETED_DEVICE_FAMILY = 2;
			};
			name = Debug;
		};
		56B920CC250DD97600793174 /* Release */ = {
			isa = XCBuildConfiguration;
			buildSettings = {
				ASSETCATALOG_COMPILER_APPICON_NAME = AppIcon;
				CODE_SIGN_STYLE = Automatic;
				DEVELOPMENT_TEAM = 2S838S8HUW;
				INFOPLIST_FILE = ContainerPOC/Info.plist;
				LD_RUNPATH_SEARCH_PATHS = (
					"$(inherited)",
					"@executable_path/Frameworks",
				);
				PRODUCT_BUNDLE_IDENTIFIER = com.mobilesandbox.ContainerPOC;
				PRODUCT_NAME = "$(TARGET_NAME)";
				SWIFT_VERSION = 5.0;
				TARGETED_DEVICE_FAMILY = 2;
			};
			name = Release;
		};
/* End XCBuildConfiguration section */

/* Begin XCConfigurationList section */
		56B920B1250DD97300793174 /* Build configuration list for PBXProject "ContainerPOC" */ = {
			isa = XCConfigurationList;
			buildConfigurations = (
				56B920C8250DD97600793174 /* Debug */,
				56B920C9250DD97600793174 /* Release */,
			);
			defaultConfigurationIsVisible = 0;
			defaultConfigurationName = Release;
		};
		56B920CA250DD97600793174 /* Build configuration list for PBXNativeTarget "ContainerPOC" */ = {
			isa = XCConfigurationList;
			buildConfigurations = (
				56B920CB250DD97600793174 /* Debug */,
				56B920CC250DD97600793174 /* Release */,
			);
			defaultConfigurationIsVisible = 0;
			defaultConfigurationName = Release;
		};
/* End XCConfigurationList section */
	};
	rootObject = 56B920AE250DD97300793174 /* Project object */;
}
